
Microsoft Visual Studio Solution File, Format Version 12.00
# Visual Studio Version 17
VisualStudioVersion = 17.1.32319.34
MinimumVisualStudioVersion = 10.0.40219.1
Project("{FAE04EC0-301F-11D3-BF4B-00C04F79EFBC}") = "FinalProjectAPI", "FinalProjectAPI.csproj", "{30565FD4-1A0A-4148-B060-6DF9C921AB6D}"
EndProject
Global
	GlobalSection(SolutionConfigurationPlatforms) = preSolution
		Debug|Any CPU = Debug|Any CPU
		Release|Any CPU = Release|Any CPU
	EndGlobalSection
	GlobalSection(ProjectConfigurationPlatforms) = postSolution
		{30565FD4-1A0A-4148-B060-6DF9C921AB6D}.Debug|Any CPU.ActiveCfg = Debug|Any CPU
		{30565FD4-1A0A-4148-B060-6DF9C921AB6D}.Debug|Any CPU.Build.0 = Debug|Any CPU
		{30565FD4-1A0A-4148-B060-6DF9C921AB6D}.Release|Any CPU.ActiveCfg = Release|Any CPU
		{30565FD4-1A0A-4148-B060-6DF9C921AB6D}.Release|Any CPU.Build.0 = Release|Any CPU
	EndGlobalSection
	GlobalSection(SolutionProperties) = preSolution
		HideSolutionNode = FALSE
	EndGlobalSection
	GlobalSection(ExtensibilityGlobals) = postSolution
		SolutionGuid = {BAE95FC8-7D31-42F0-BC68-1BA6A7101FA8}
	EndGlobalSection
EndGlobal
